
Microsoft Visual Studio Solution File, Format Version 12.00
# Visual Studio Version 17
VisualStudioVersion = 17.2.32526.322
MinimumVisualStudioVersion = 10.0.40219.1
Project("{FAE04EC0-301F-11D3-BF4B-00C04F79EFBC}") = "Profile", "Profile\Profile.csproj", "{F54960FC-4C37-4D5D-A0AD-5B634075BB4F}"
EndProject
Global
	GlobalSection(SolutionConfigurationPlatforms) = preSolution
		Debug|Any CPU = Debug|Any CPU
		Release|Any CPU = Release|Any CPU
	EndGlobalSection
	GlobalSection(ProjectConfigurationPlatforms) = postSolution
		{F54960FC-4C37-4D5D-A0AD-5B634075BB4F}.Debug|Any CPU.ActiveCfg = Debug|Any CPU
		{F54960FC-4C37-4D5D-A0AD-5B634075BB4F}.Debug|Any CPU.Build.0 = Debug|Any CPU
		{F54960FC-4C37-4D5D-A0AD-5B634075BB4F}.Release|Any CPU.ActiveCfg = Release|Any CPU
		{F54960FC-4C37-4D5D-A0AD-5B634075BB4F}.Release|Any CPU.Build.0 = Release|Any CPU
	EndGlobalSection
	GlobalSection(SolutionProperties) = preSolution
		HideSolutionNode = FALSE
	EndGlobalSection
	GlobalSection(ExtensibilityGlobals) = postSolution
		SolutionGuid = {2BA25DFF-BEB0-4C8E-8B1F-BAD4C5B00D3D}
	EndGlobalSection
EndGlobal
